
Microsoft Visual Studio Solution File, Format Version 12.00
# Visual Studio Version 17
VisualStudioVersion = 17.2.32526.322
MinimumVisualStudioVersion = 10.0.40219.1
Project("{FAE04EC0-301F-11D3-BF4B-00C04F79EFBC}") = "ApiPersonajesPractica", "ApiPersonajesPractica\ApiPersonajesPractica.csproj", "{C93BA9E7-2741-437B-8704-71F8006DA046}"
EndProject
Global
	GlobalSection(SolutionConfigurationPlatforms) = preSolution
		Debug|Any CPU = Debug|Any CPU
		Release|Any CPU = Release|Any CPU
	EndGlobalSection
	GlobalSection(ProjectConfigurationPlatforms) = postSolution
		{C93BA9E7-2741-437B-8704-71F8006DA046}.Debug|Any CPU.ActiveCfg = Debug|Any CPU
		{C93BA9E7-2741-437B-8704-71F8006DA046}.Debug|Any CPU.Build.0 = Debug|Any CPU
		{C93BA9E7-2741-437B-8704-71F8006DA046}.Release|Any CPU.ActiveCfg = Release|Any CPU
		{C93BA9E7-2741-437B-8704-71F8006DA046}.Release|Any CPU.Build.0 = Release|Any CPU
	EndGlobalSection
	GlobalSection(SolutionProperties) = preSolution
		HideSolutionNode = FALSE
	EndGlobalSection
	GlobalSection(ExtensibilityGlobals) = postSolution
		SolutionGuid = {DD3981D2-50D7-40DC-A9E0-DADBDF9908AB}
	EndGlobalSection
EndGlobal
